// !$*UTF8*$!
{
	archiveVersion = 1;
	classes = {
	};
	objectVersion = 55;
	objects = {

/* Begin PBXBuildFile section */
		41A827C028F6355D005C4546 /* AppDelegate.swift in Sources */ = {isa = PBXBuildFile; fileRef = 41A827BF28F6355D005C4546 /* AppDelegate.swift */; };
		41A827C228F6355D005C4546 /* SceneDelegate.swift in Sources */ = {isa = PBXBuildFile; fileRef = 41A827C128F6355D005C4546 /* SceneDelegate.swift */; };
		41A827C428F6355D005C4546 /* ViewController.swift in Sources */ = {isa = PBXBuildFile; fileRef = 41A827C328F6355D005C4546 /* ViewController.swift */; };
		41A827C728F6355D005C4546 /* Main.storyboard in Resources */ = {isa = PBXBuildFile; fileRef = 41A827C528F6355D005C4546 /* Main.storyboard */; };
		41A827C928F63563005C4546 /* Assets.xcassets in Resources */ = {isa = PBXBuildFile; fileRef = 41A827C828F63563005C4546 /* Assets.xcassets */; };
		41A827CC28F63563005C4546 /* LaunchScreen.storyboard in Resources */ = {isa = PBXBuildFile; fileRef = 41A827CA28F63563005C4546 /* LaunchScreen.storyboard */; };
		41A827D728F63563005C4546 /* Live_Demo___internatonalize_blah_blahTests.swift in Sources */ = {isa = PBXBuildFile; fileRef = 41A827D628F63563005C4546 /* Live_Demo___internatonalize_blah_blahTests.swift */; };
		41A827E128F63564005C4546 /* Live_Demo___internatonalize_blah_blahUITests.swift in Sources */ = {isa = PBXBuildFile; fileRef = 41A827E028F63564005C4546 /* Live_Demo___internatonalize_blah_blahUITests.swift */; };
		41A827E328F63564005C4546 /* Live_Demo___internatonalize_blah_blahUITestsLaunchTests.swift in Sources */ = {isa = PBXBuildFile; fileRef = 41A827E228F63564005C4546 /* Live_Demo___internatonalize_blah_blahUITestsLaunchTests.swift */; };
/* End PBXBuildFile section */

/* Begin PBXContainerItemProxy section */
		41A827D328F63563005C4546 /* PBXContainerItemProxy */ = {
			isa = PBXContainerItemProxy;
			containerPortal = 41A827B428F6355D005C4546 /* Project object */;
			proxyType = 1;
			remoteGlobalIDString = 41A827BB28F6355D005C4546;
			remoteInfo = "Live Demo - internatonalize blah blah";
		};
		41A827DD28F63564005C4546 /* PBXContainerItemProxy */ = {
			isa = PBXContainerItemProxy;
			containerPortal = 41A827B428F6355D005C4546 /* Project object */;
			proxyType = 1;
			remoteGlobalIDString = 41A827BB28F6355D005C4546;
			remoteInfo = "Live Demo - internatonalize blah blah";
		};
/* End PBXContainerItemProxy section */

/* Begin PBXFileReference section */
		41A827BC28F6355D005C4546 /* Live Demo - internatonalize blah blah.app */ = {isa = PBXFileReference; explicitFileType = wrapper.application; includeInIndex = 0; path = "Live Demo - internatonalize blah blah.app"; sourceTree = BUILT_PRODUCTS_DIR; };
		41A827BF28F6355D005C4546 /* AppDelegate.swift */ = {isa = PBXFileReference; lastKnownFileType = sourcecode.swift; path = AppDelegate.swift; sourceTree = "<group>"; };
		41A827C128F6355D005C4546 /* SceneDelegate.swift */ = {isa = PBXFileReference; lastKnownFileType = sourcecode.swift; path = SceneDelegate.swift; sourceTree = "<group>"; };
		41A827C328F6355D005C4546 /* ViewController.swift */ = {isa = PBXFileReference; lastKnownFileType = sourcecode.swift; path = ViewController.swift; sourceTree = "<group>"; };
		41A827C628F6355D005C4546 /* Base */ = {isa = PBXFileReference; lastKnownFileType = file.storyboard; name = Base; path = Base.lproj/Main.storyboard; sourceTree = "<group>"; };
		41A827C828F63563005C4546 /* Assets.xcassets */ = {isa = PBXFileReference; lastKnownFileType = folder.assetcatalog; path = Assets.xcassets; sourceTree = "<group>"; };
		41A827CB28F63563005C4546 /* Base */ = {isa = PBXFileReference; lastKnownFileType = file.storyboard; name = Base; path = Base.lproj/LaunchScreen.storyboard; sourceTree = "<group>"; };
		41A827CD28F63563005C4546 /* Info.plist */ = {isa = PBXFileReference; lastKnownFileType = text.plist.xml; path = Info.plist; sourceTree = "<group>"; };
		41A827D228F63563005C4546 /* Live Demo - internatonalize blah blahTests.xctest */ = {isa = PBXFileReference; explicitFileType = wrapper.cfbundle; includeInIndex = 0; path = "Live Demo - internatonalize blah blahTests.xctest"; sourceTree = BUILT_PRODUCTS_DIR; };
		41A827D628F63563005C4546 /* Live_Demo___internatonalize_blah_blahTests.swift */ = {isa = PBXFileReference; lastKnownFileType = sourcecode.swift; path = "Live_Demo___internatonalize_blah_blahTests.swift"; sourceTree = "<group>"; };
		41A827DC28F63564005C4546 /* Live Demo - internatonalize blah blahUITests.xctest */ = {isa = PBXFileReference; explicitFileType = wrapper.cfbundle; includeInIndex = 0; path = "Live Demo - internatonalize blah blahUITests.xctest"; sourceTree = BUILT_PRODUCTS_DIR; };
		41A827E028F63564005C4546 /* Live_Demo___internatonalize_blah_blahUITests.swift */ = {isa = PBXFileReference; lastKnownFileType = sourcecode.swift; path = "Live_Demo___internatonalize_blah_blahUITests.swift"; sourceTree = "<group>"; };
		41A827E228F63564005C4546 /* Live_Demo___internatonalize_blah_blahUITestsLaunchTests.swift */ = {isa = PBXFileReference; lastKnownFileType = sourcecode.swift; path = "Live_Demo___internatonalize_blah_blahUITestsLaunchTests.swift"; sourceTree = "<group>"; };
/* End PBXFileReference section */

/* Begin PBXFrameworksBuildPhase section */
		41A827B928F6355D005C4546 /* Frameworks */ = {
			isa = PBXFrameworksBuildPhase;
			buildActionMask = 2147483647;
			files = (
			);
			runOnlyForDeploymentPostprocessing = 0;
		};
		41A827CF28F63563005C4546 /* Frameworks */ = {
			isa = PBXFrameworksBuildPhase;
			buildActionMask = 2147483647;
			files = (
			);
			runOnlyForDeploymentPostprocessing = 0;
		};
		41A827D928F63564005C4546 /* Frameworks */ = {
			isa = PBXFrameworksBuildPhase;
			buildActionMask = 2147483647;
			files = (
			);
			runOnlyForDeploymentPostprocessing = 0;
		};
/* End PBXFrameworksBuildPhase section */

/* Begin PBXGroup section */
		41A827B328F6355D005C4546 = {
			isa = PBXGroup;
			children = (
				41A827BE28F6355D005C4546 /* Live Demo - internatonalize blah blah */,
				41A827D528F63563005C4546 /* Live Demo - internatonalize blah blahTests */,
				41A827DF28F63564005C4546 /* Live Demo - internatonalize blah blahUITests */,
				41A827BD28F6355D005C4546 /* Products */,
			);
			sourceTree = "<group>";
		};
		41A827BD28F6355D005C4546 /* Products */ = {
			isa = PBXGroup;
			children = (
				41A827BC28F6355D005C4546 /* Live Demo - internatonalize blah blah.app */,
				41A827D228F63563005C4546 /* Live Demo - internatonalize blah blahTests.xctest */,
				41A827DC28F63564005C4546 /* Live Demo - internatonalize blah blahUITests.xctest */,
			);
			name = Products;
			sourceTree = "<group>";
		};
		41A827BE28F6355D005C4546 /* Live Demo - internatonalize blah blah */ = {
			isa = PBXGroup;
			children = (
				41A827BF28F6355D005C4546 /* AppDelegate.swift */,
				41A827C128F6355D005C4546 /* SceneDelegate.swift */,
				41A827C328F6355D005C4546 /* ViewController.swift */,
				41A827C528F6355D005C4546 /* Main.storyboard */,
				41A827C828F63563005C4546 /* Assets.xcassets */,
				41A827CA28F63563005C4546 /* LaunchScreen.storyboard */,
				41A827CD28F63563005C4546 /* Info.plist */,
			);
			path = "Live Demo - internatonalize blah blah";
			sourceTree = "<group>";
		};
		41A827D528F63563005C4546 /* Live Demo - internatonalize blah blahTests */ = {
			isa = PBXGroup;
			children = (
				41A827D628F63563005C4546 /* Live_Demo___internatonalize_blah_blahTests.swift */,
			);
			path = "Live Demo - internatonalize blah blahTests";
			sourceTree = "<group>";
		};
		41A827DF28F63564005C4546 /* Live Demo - internatonalize blah blahUITests */ = {
			isa = PBXGroup;
			children = (
				41A827E028F63564005C4546 /* Live_Demo___internatonalize_blah_blahUITests.swift */,
				41A827E228F63564005C4546 /* Live_Demo___internatonalize_blah_blahUITestsLaunchTests.swift */,
			);
			path = "Live Demo - internatonalize blah blahUITests";
			sourceTree = "<group>";
		};
/* End PBXGroup section */

/* Begin PBXNativeTarget section */
		41A827BB28F6355D005C4546 /* Live Demo - internatonalize blah blah */ = {
			isa = PBXNativeTarget;
			buildConfigurationList = 41A827E628F63564005C4546 /* Build configuration list for PBXNativeTarget "Live Demo - internatonalize blah blah" */;
			buildPhases = (
				41A827B828F6355D005C4546 /* Sources */,
				41A827B928F6355D005C4546 /* Frameworks */,
				41A827BA28F6355D005C4546 /* Resources */,
			);
			buildRules = (
			);
			dependencies = (
			);
			name = "Live Demo - internatonalize blah blah";
			productName = "Live Demo - internatonalize blah blah";
			productReference = 41A827BC28F6355D005C4546 /* Live Demo - internatonalize blah blah.app */;
			productType = "com.apple.product-type.application";
		};
		41A827D128F63563005C4546 /* Live Demo - internatonalize blah blahTests */ = {
			isa = PBXNativeTarget;
			buildConfigurationList = 41A827E928F63564005C4546 /* Build configuration list for PBXNativeTarget "Live Demo - internatonalize blah blahTests" */;
			buildPhases = (
				41A827CE28F63563005C4546 /* Sources */,
				41A827CF28F63563005C4546 /* Frameworks */,
				41A827D028F63563005C4546 /* Resources */,
			);
			buildRules = (
			);
			dependencies = (
				41A827D428F63563005C4546 /* PBXTargetDependency */,
			);
			name = "Live Demo - internatonalize blah blahTests";
			productName = "Live Demo - internatonalize blah blahTests";
			productReference = 41A827D228F63563005C4546 /* Live Demo - internatonalize blah blahTests.xctest */;
			productType = "com.apple.product-type.bundle.unit-test";
		};
		41A827DB28F63564005C4546 /* Live Demo - internatonalize blah blahUITests */ = {
			isa = PBXNativeTarget;
			buildConfigurationList = 41A827EC28F63564005C4546 /* Build configuration list for PBXNativeTarget "Live Demo - internatonalize blah blahUITests" */;
			buildPhases = (
				41A827D828F63564005C4546 /* Sources */,
				41A827D928F63564005C4546 /* Frameworks */,
				41A827DA28F63564005C4546 /* Resources */,
			);
			buildRules = (
			);
			dependencies = (
				41A827DE28F63564005C4546 /* PBXTargetDependency */,
			);
			name = "Live Demo - internatonalize blah blahUITests";
			productName = "Live Demo - internatonalize blah blahUITests";
			productReference = 41A827DC28F63564005C4546 /* Live Demo - internatonalize blah blahUITests.xctest */;
			productType = "com.apple.product-type.bundle.ui-testing";
		};
/* End PBXNativeTarget section */

/* Begin PBXProject section */
		41A827B428F6355D005C4546 /* Project object */ = {
			isa = PBXProject;
			attributes = {
				BuildIndependentTargetsInParallel = 1;
				LastSwiftUpdateCheck = 1340;
				LastUpgradeCheck = 1340;
				TargetAttributes = {
					41A827BB28F6355D005C4546 = {
						CreatedOnToolsVersion = 13.4;
					};
					41A827D128F63563005C4546 = {
						CreatedOnToolsVersion = 13.4;
						TestTargetID = 41A827BB28F6355D005C4546;
					};
					41A827DB28F63564005C4546 = {
						CreatedOnToolsVersion = 13.4;
						TestTargetID = 41A827BB28F6355D005C4546;
					};
				};
			};
			buildConfigurationList = 41A827B728F6355D005C4546 /* Build configuration list for PBXProject "Live Demo - internatonalize blah blah" */;
			compatibilityVersion = "Xcode 13.0";
			developmentRegion = en;
			hasScannedForEncodings = 0;
			knownRegions = (
				en,
				Base,
			);
			mainGroup = 41A827B328F6355D005C4546;
			productRefGroup = 41A827BD28F6355D005C4546 /* Products */;
			projectDirPath = "";
			projectRoot = "";
			targets = (
				41A827BB28F6355D005C4546 /* Live Demo - internatonalize blah blah */,
				41A827D128F63563005C4546 /* Live Demo - internatonalize blah blahTests */,
				41A827DB28F63564005C4546 /* Live Demo - internatonalize blah blahUITests */,
			);
		};
/* End PBXProject section */

/* Begin PBXResourcesBuildPhase section */
		41A827BA28F6355D005C4546 /* Resources */ = {
			isa = PBXResourcesBuildPhase;
			buildActionMask = 2147483647;
			files = (
				41A827CC28F63563005C4546 /* LaunchScreen.storyboard in Resources */,
				41A827C928F63563005C4546 /* Assets.xcassets in Resources */,
				41A827C728F6355D005C4546 /* Main.storyboard in Resources */,
			);
			runOnlyForDeploymentPostprocessing = 0;
		};
		41A827D028F63563005C4546 /* Resources */ = {
			isa = PBXResourcesBuildPhase;
			buildActionMask = 2147483647;
			files = (
			);
			runOnlyForDeploymentPostprocessing = 0;
		};
		41A827DA28F63564005C4546 /* Resources */ = {
			isa = PBXResourcesBuildPhase;
			buildActionMask = 2147483647;
			files = (
			);
			runOnlyForDeploymentPostprocessing = 0;
		};
/* End PBXResourcesBuildPhase section */

/* Begin PBXSourcesBuildPhase section */
		41A827B828F6355D005C4546 /* Sources */ = {
			isa = PBXSourcesBuildPhase;
			buildActionMask = 2147483647;
			files = (
				41A827C428F6355D005C4546 /* ViewController.swift in Sources */,
				41A827C028F6355D005C4546 /* AppDelegate.swift in Sources */,
				41A827C228F6355D005C4546 /* SceneDelegate.swift in Sources */,
			);
			runOnlyForDeploymentPostprocessing = 0;
		};
		41A827CE28F63563005C4546 /* Sources */ = {
			isa = PBXSourcesBuildPhase;
			buildActionMask = 2147483647;
			files = (
				41A827D728F63563005C4546 /* Live_Demo___internatonalize_blah_blahTests.swift in Sources */,
			);
			runOnlyForDeploymentPostprocessing = 0;
		};
		41A827D828F63564005C4546 /* Sources */ = {
			isa = PBXSourcesBuildPhase;
			buildActionMask = 2147483647;
			files = (
				41A827E128F63564005C4546 /* Live_Demo___internatonalize_blah_blahUITests.swift in Sources */,
				41A827E328F63564005C4546 /* Live_Demo___internatonalize_blah_blahUITestsLaunchTests.swift in Sources */,
			);
			runOnlyForDeploymentPostprocessing = 0;
		};
/* End PBXSourcesBuildPhase section */

/* Begin PBXTargetDependency section */
		41A827D428F63563005C4546 /* PBXTargetDependency */ = {
			isa = PBXTargetDependency;
			target = 41A827BB28F6355D005C4546 /* Live Demo - internatonalize blah blah */;
			targetProxy = 41A827D328F63563005C4546 /* PBXContainerItemProxy */;
		};
		41A827DE28F63564005C4546 /* PBXTargetDependency */ = {
			isa = PBXTargetDependency;
			target = 41A827BB28F6355D005C4546 /* Live Demo - internatonalize blah blah */;
			targetProxy = 41A827DD28F63564005C4546 /* PBXContainerItemProxy */;
		};
/* End PBXTargetDependency section */

/* Begin PBXVariantGroup section */
		41A827C528F6355D005C4546 /* Main.storyboard */ = {
			isa = PBXVariantGroup;
			children = (
				41A827C628F6355D005C4546 /* Base */,
			);
			name = Main.storyboard;
			sourceTree = "<group>";
		};
		41A827CA28F63563005C4546 /* LaunchScreen.storyboard */ = {
			isa = PBXVariantGroup;
			children = (
				41A827CB28F63563005C4546 /* Base */,
			);
			name = LaunchScreen.storyboard;
			sourceTree = "<group>";
		};
/* End PBXVariantGroup section */

/* Begin XCBuildConfiguration section */
		41A827E428F63564005C4546 /* Debug */ = {
			isa = XCBuildConfiguration;
			buildSettings = {
				ALWAYS_SEARCH_USER_PATHS = NO;
				CLANG_ANALYZER_NONNULL = YES;
				CLANG_ANALYZER_NUMBER_OBJECT_CONVERSION = YES_AGGRESSIVE;
				CLANG_CXX_LANGUAGE_STANDARD = "gnu++17";
				CLANG_ENABLE_MODULES = YES;
				CLANG_ENABLE_OBJC_ARC = YES;
				CLANG_ENABLE_OBJC_WEAK = YES;
				CLANG_WARN_BLOCK_CAPTURE_AUTORELEASING = YES;
				CLANG_WARN_BOOL_CONVERSION = YES;
				CLANG_WARN_COMMA = YES;
				CLANG_WARN_CONSTANT_CONVERSION = YES;
				CLANG_WARN_DEPRECATED_OBJC_IMPLEMENTATIONS = YES;
				CLANG_WARN_DIRECT_OBJC_ISA_USAGE = YES_ERROR;
				CLANG_WARN_DOCUMENTATION_COMMENTS = YES;
				CLANG_WARN_EMPTY_BODY = YES;
				CLANG_WARN_ENUM_CONVERSION = YES;
				CLANG_WARN_INFINITE_RECURSION = YES;
				CLANG_WARN_INT_CONVERSION = YES;
				CLANG_WARN_NON_LITERAL_NULL_CONVERSION = YES;
				CLANG_WARN_OBJC_IMPLICIT_RETAIN_SELF = YES;
				CLANG_WARN_OBJC_LITERAL_CONVERSION = YES;
				CLANG_WARN_OBJC_ROOT_CLASS = YES_ERROR;
				CLANG_WARN_QUOTED_INCLUDE_IN_FRAMEWORK_HEADER = YES;
				CLANG_WARN_RANGE_LOOP_ANALYSIS = YES;
				CLANG_WARN_STRICT_PROTOTYPES = YES;
				CLANG_WARN_SUSPICIOUS_MOVE = YES;
				CLANG_WARN_UNGUARDED_AVAILABILITY = YES_AGGRESSIVE;
				CLANG_WARN_UNREACHABLE_CODE = YES;
				CLANG_WARN__DUPLICATE_METHOD_MATCH = YES;
				COPY_PHASE_STRIP = NO;
				DEBUG_INFORMATION_FORMAT = dwarf;
				ENABLE_STRICT_OBJC_MSGSEND = YES;
				ENABLE_TESTABILITY = YES;
				GCC_C_LANGUAGE_STANDARD = gnu11;
				GCC_DYNAMIC_NO_PIC = NO;
				GCC_NO_COMMON_BLOCKS = YES;
				GCC_OPTIMIZATION_LEVEL = 0;
				GCC_PREPROCESSOR_DEFINITIONS = (
					"DEBUG=1",
					"$(inherited)",
				);
				GCC_WARN_64_TO_32_BIT_CONVERSION = YES;
				GCC_WARN_ABOUT_RETURN_TYPE = YES_ERROR;
				GCC_WARN_UNDECLARED_SELECTOR = YES;
				GCC_WARN_UNINITIALIZED_AUTOS = YES_AGGRESSIVE;
				GCC_WARN_UNUSED_FUNCTION = YES;
				GCC_WARN_UNUSED_VARIABLE = YES;
				IPHONEOS_DEPLOYMENT_TARGET = 15.5;
				MTL_ENABLE_DEBUG_INFO = INCLUDE_SOURCE;
				MTL_FAST_MATH = YES;
				ONLY_ACTIVE_ARCH = YES;
				SDKROOT = iphoneos;
				SWIFT_ACTIVE_COMPILATION_CONDITIONS = DEBUG;
				SWIFT_OPTIMIZATION_LEVEL = "-Onone";
			};
			name = Debug;
		};
		41A827E528F63564005C4546 /* Release */ = {
			isa = XCBuildConfiguration;
			buildSettings = {
				ALWAYS_SEARCH_USER_PATHS = NO;
				CLANG_ANALYZER_NONNULL = YES;
				CLANG_ANALYZER_NUMBER_OBJECT_CONVERSION = YES_AGGRESSIVE;
				CLANG_CXX_LANGUAGE_STANDARD = "gnu++17";
				CLANG_ENABLE_MODULES = YES;
				CLANG_ENABLE_OBJC_ARC = YES;
				CLANG_ENABLE_OBJC_WEAK = YES;
				CLANG_WARN_BLOCK_CAPTURE_AUTORELEASING = YES;
				CLANG_WARN_BOOL_CONVERSION = YES;
				CLANG_WARN_COMMA = YES;
				CLANG_WARN_CONSTANT_CONVERSION = YES;
				CLANG_WARN_DEPRECATED_OBJC_IMPLEMENTATIONS = YES;
				CLANG_WARN_DIRECT_OBJC_ISA_USAGE = YES_ERROR;
				CLANG_WARN_DOCUMENTATION_COMMENTS = YES;
				CLANG_WARN_EMPTY_BODY = YES;
				CLANG_WARN_ENUM_CONVERSION = YES;
				CLANG_WARN_INFINITE_RECURSION = YES;
				CLANG_WARN_INT_CONVERSION = YES;
				CLANG_WARN_NON_LITERAL_NULL_CONVERSION = YES;
				CLANG_WARN_OBJC_IMPLICIT_RETAIN_SELF = YES;
				CLANG_WARN_OBJC_LITERAL_CONVERSION = YES;
				CLANG_WARN_OBJC_ROOT_CLASS = YES_ERROR;
				CLANG_WARN_QUOTED_INCLUDE_IN_FRAMEWORK_HEADER = YES;
				CLANG_WARN_RANGE_LOOP_ANALYSIS = YES;
				CLANG_WARN_STRICT_PROTOTYPES = YES;
				CLANG_WARN_SUSPICIOUS_MOVE = YES;
				CLANG_WARN_UNGUARDED_AVAILABILITY = YES_AGGRESSIVE;
				CLANG_WARN_UNREACHABLE_CODE = YES;
				CLANG_WARN__DUPLICATE_METHOD_MATCH = YES;
				COPY_PHASE_STRIP = NO;
				DEBUG_INFORMATION_FORMAT = "dwarf-with-dsym";
				ENABLE_NS_ASSERTIONS = NO;
				ENABLE_STRICT_OBJC_MSGSEND = YES;
				GCC_C_LANGUAGE_STANDARD = gnu11;
				GCC_NO_COMMON_BLOCKS = YES;
				GCC_WARN_64_TO_32_BIT_CONVERSION = YES;
				GCC_WARN_ABOUT_RETURN_TYPE = YES_ERROR;
				GCC_WARN_UNDECLARED_SELECTOR = YES;
				GCC_WARN_UNINITIALIZED_AUTOS = YES_AGGRESSIVE;
				GCC_WARN_UNUSED_FUNCTION = YES;
				GCC_WARN_UNUSED_VARIABLE = YES;
				IPHONEOS_DEPLOYMENT_TARGET = 15.5;
				MTL_ENABLE_DEBUG_INFO = NO;
				MTL_FAST_MATH = YES;
				SDKROOT = iphoneos;
				SWIFT_COMPILATION_MODE = wholemodule;
				SWIFT_OPTIMIZATION_LEVEL = "-O";
				VALIDATE_PRODUCT = YES;
			};
			name = Release;
		};
		41A827E728F63564005C4546 /* Debug */ = {
			isa = XCBuildConfiguration;
			buildSettings = {
				ASSETCATALOG_COMPILER_APPICON_NAME = AppIcon;
				ASSETCATALOG_COMPILER_GLOBAL_ACCENT_COLOR_NAME = AccentColor;
				CODE_SIGN_STYLE = Automatic;
				CURRENT_PROJECT_VERSION = 1;
				GENERATE_INFOPLIST_FILE = YES;
				INFOPLIST_FILE = "Live Demo - internatonalize blah blah/Info.plist";
				INFOPLIST_KEY_UIApplicationSupportsIndirectInputEvents = YES;
				INFOPLIST_KEY_UILaunchStoryboardName = LaunchScreen;
				INFOPLIST_KEY_UIMainStoryboardFile = Main;
				INFOPLIST_KEY_UISupportedInterfaceOrientations_iPad = "UIInterfaceOrientationPortrait UIInterfaceOrientationPortraitUpsideDown UIInterfaceOrientationLandscapeLeft UIInterfaceOrientationLandscapeRight";
				INFOPLIST_KEY_UISupportedInterfaceOrientations_iPhone = "UIInterfaceOrientationPortrait UIInterfaceOrientationLandscapeLeft UIInterfaceOrientationLandscapeRight";
				LD_RUNPATH_SEARCH_PATHS = (
					"$(inherited)",
					"@executable_path/Frameworks",
				);
				MARKETING_VERSION = 1.0;
				PRODUCT_BUNDLE_IDENTIFIER = "LC.Live-Demo---internatonalize-blah-blah";
				PRODUCT_NAME = "$(TARGET_NAME)";
				SWIFT_EMIT_LOC_STRINGS = YES;
				SWIFT_VERSION = 5.0;
				TARGETED_DEVICE_FAMILY = "1,2";
			};
			name = Debug;
		};
		41A827E828F63564005C4546 /* Release */ = {
			isa = XCBuildConfiguration;
			buildSettings = {
				ASSETCATALOG_COMPILER_APPICON_NAME = AppIcon;
				ASSETCATALOG_COMPILER_GLOBAL_ACCENT_COLOR_NAME = AccentColor;
				CODE_SIGN_STYLE = Automatic;
				CURRENT_PROJECT_VERSION = 1;
				GENERATE_INFOPLIST_FILE = YES;
				INFOPLIST_FILE = "Live Demo - internatonalize blah blah/Info.plist";
				INFOPLIST_KEY_UIApplicationSupportsIndirectInputEvents = YES;
				INFOPLIST_KEY_UILaunchStoryboardName = LaunchScreen;
				INFOPLIST_KEY_UIMainStoryboardFile = Main;
				INFOPLIST_KEY_UISupportedInterfaceOrientations_iPad = "UIInterfaceOrientationPortrait UIInterfaceOrientationPortraitUpsideDown UIInterfaceOrientationLandscapeLeft UIInterfaceOrientationLandscapeRight";
				INFOPLIST_KEY_UISupportedInterfaceOrientations_iPhone = "UIInterfaceOrientationPortrait UIInterfaceOrientationLandscapeLeft UIInterfaceOrientationLandscapeRight";
				LD_RUNPATH_SEARCH_PATHS = (
					"$(inherited)",
					"@executable_path/Frameworks",
				);
				MARKETING_VERSION = 1.0;
				PRODUCT_BUNDLE_IDENTIFIER = "LC.Live-Demo---internatonalize-blah-blah";
				PRODUCT_NAME = "$(TARGET_NAME)";
				SWIFT_EMIT_LOC_STRINGS = YES;
				SWIFT_VERSION = 5.0;
				TARGETED_DEVICE_FAMILY = "1,2";
			};
			name = Release;
		};
		41A827EA28F63564005C4546 /* Debug */ = {
			isa = XCBuildConfiguration;
			buildSettings = {
				ALWAYS_EMBED_SWIFT_STANDARD_LIBRARIES = YES;
				BUNDLE_LOADER = "$(TEST_HOST)";
				CODE_SIGN_STYLE = Automatic;
				CURRENT_PROJECT_VERSION = 1;
				GENERATE_INFOPLIST_FILE = YES;
				IPHONEOS_DEPLOYMENT_TARGET = 15.5;
				MARKETING_VERSION = 1.0;
				PRODUCT_BUNDLE_IDENTIFIER = "LC.Live-Demo---internatonalize-blah-blahTests";
				PRODUCT_NAME = "$(TARGET_NAME)";
				SWIFT_EMIT_LOC_STRINGS = NO;
				SWIFT_VERSION = 5.0;
				TARGETED_DEVICE_FAMILY = "1,2";
				TEST_HOST = "$(BUILT_PRODUCTS_DIR)/Live Demo - internatonalize blah blah.app/Live Demo - internatonalize blah blah";
			};
			name = Debug;
		};
		41A827EB28F63564005C4546 /* Release */ = {
			isa = XCBuildConfiguration;
			buildSettings = {
				ALWAYS_EMBED_SWIFT_STANDARD_LIBRARIES = YES;
				BUNDLE_LOADER = "$(TEST_HOST)";
				CODE_SIGN_STYLE = Automatic;
				CURRENT_PROJECT_VERSION = 1;
				GENERATE_INFOPLIST_FILE = YES;
				IPHONEOS_DEPLOYMENT_TARGET = 15.5;
				MARKETING_VERSION = 1.0;
				PRODUCT_BUNDLE_IDENTIFIER = "LC.Live-Demo---internatonalize-blah-blahTests";
				PRODUCT_NAME = "$(TARGET_NAME)";
				SWIFT_EMIT_LOC_STRINGS = NO;
				SWIFT_VERSION = 5.0;
				TARGETED_DEVICE_FAMILY = "1,2";
				TEST_HOST = "$(BUILT_PRODUCTS_DIR)/Live Demo - internatonalize blah blah.app/Live Demo - internatonalize blah blah";
			};
			name = Release;
		};
		41A827ED28F63564005C4546 /* Debug */ = {
			isa = XCBuildConfiguration;
			buildSettings = {
				ALWAYS_EMBED_SWIFT_STANDARD_LIBRARIES = YES;
				CODE_SIGN_STYLE = Automatic;
				CURRENT_PROJECT_VERSION = 1;
				GENERATE_INFOPLIST_FILE = YES;
				MARKETING_VERSION = 1.0;
				PRODUCT_BUNDLE_IDENTIFIER = "LC.Live-Demo---internatonalize-blah-blahUITests";
				PRODUCT_NAME = "$(TARGET_NAME)";
				SWIFT_EMIT_LOC_STRINGS = NO;
				SWIFT_VERSION = 5.0;
				TARGETED_DEVICE_FAMILY = "1,2";
				TEST_TARGET_NAME = "Live Demo - internatonalize blah blah";
			};
			name = Debug;
		};
		41A827EE28F63564005C4546 /* Release */ = {
			isa = XCBuildConfiguration;
			buildSettings = {
				ALWAYS_EMBED_SWIFT_STANDARD_LIBRARIES = YES;
				CODE_SIGN_STYLE = Automatic;
				CURRENT_PROJECT_VERSION = 1;
				GENERATE_INFOPLIST_FILE = YES;
				MARKETING_VERSION = 1.0;
				PRODUCT_BUNDLE_IDENTIFIER = "LC.Live-Demo---internatonalize-blah-blahUITests";
				PRODUCT_NAME = "$(TARGET_NAME)";
				SWIFT_EMIT_LOC_STRINGS = NO;
				SWIFT_VERSION = 5.0;
				TARGETED_DEVICE_FAMILY = "1,2";
				TEST_TARGET_NAME = "Live Demo - internatonalize blah blah";
			};
			name = Release;
		};
/* End XCBuildConfiguration section */

/* Begin XCConfigurationList section */
		41A827B728F6355D005C4546 /* Build configuration list for PBXProject "Live Demo - internatonalize blah blah" */ = {
			isa = XCConfigurationList;
			buildConfigurations = (
				41A827E428F63564005C4546 /* Debug */,
				41A827E528F63564005C4546 /* Release */,
			);
			defaultConfigurationIsVisible = 0;
			defaultConfigurationName = Release;
		};
		41A827E628F63564005C4546 /* Build configuration list for PBXNativeTarget "Live Demo - internatonalize blah blah" */ = {
			isa = XCConfigurationList;
			buildConfigurations = (
				41A827E728F63564005C4546 /* Debug */,
				41A827E828F63564005C4546 /* Release */,
			);
			defaultConfigurationIsVisible = 0;
			defaultConfigurationName = Release;
		};
		41A827E928F63564005C4546 /* Build configuration list for PBXNativeTarget "Live Demo - internatonalize blah blahTests" */ = {
			isa = XCConfigurationList;
			buildConfigurations = (
				41A827EA28F63564005C4546 /* Debug */,
				41A827EB28F63564005C4546 /* Release */,
			);
			defaultConfigurationIsVisible = 0;
			defaultConfigurationName = Release;
		};
		41A827EC28F63564005C4546 /* Build configuration list for PBXNativeTarget "Live Demo - internatonalize blah blahUITests" */ = {
			isa = XCConfigurationList;
			buildConfigurations = (
				41A827ED28F63564005C4546 /* Debug */,
				41A827EE28F63564005C4546 /* Release */,
			);
			defaultConfigurationIsVisible = 0;
			defaultConfigurationName = Release;
		};
/* End XCConfigurationList section */
	};
	rootObject = 41A827B428F6355D005C4546 /* Project object */;
}
